
Microsoft Visual Studio Solution File, Format Version 12.00
Project("{2150E333-8FDC-42A3-9474-1A3956D46DE8}") = "Backend", "Backend", "{34F59E71-7A48-45FA-90D3-F823653D4961}"
EndProject
Project("{FAE04EC0-301F-11D3-BF4B-00C04F79EFBC}") = "UM.API", "UM.API\UM.API.csproj", "{9F9302CE-4654-49F9-A0A4-FC895EF1D9C7}"
EndProject
Project("{FAE04EC0-301F-11D3-BF4B-00C04F79EFBC}") = "UM.Repositories", "UM.Repositories\UM.Repositories.csproj", "{77A0A757-0AF2-4A2D-BB30-555933662314}"
EndProject
Project("{2150E333-8FDC-42A3-9474-1A3956D46DE8}") = "Models", "Models", "{59FFACBD-39A7-4D4E-825E-A6D95E93D7C4}"
EndProject
Project("{FAE04EC0-301F-11D3-BF4B-00C04F79EFBC}") = "UM.Models.Files.Database", "UM.Models.Files.Database\UM.Models.Files.Database.csproj", "{7E7BBE81-81A7-4765-9C3C-433CCF1196D3}"
EndProject
Project("{2150E333-8FDC-42A3-9474-1A3956D46DE8}") = "Files", "Files", "{65F64CAE-C104-41EA-9EEC-90072FFEDC92}"
EndProject
Project("{FAE04EC0-301F-11D3-BF4B-00C04F79EFBC}") = "UM.Models.Files.Domain", "UM.Models.Files.Domain\UM.Models.Files.Domain.csproj", "{81AE9FC4-02C7-4612-BF24-A1BBF3DE58C3}"
EndProject
Project("{2150E333-8FDC-42A3-9474-1A3956D46DE8}") = "Tools", "Tools", "{57099F81-DFB3-4315-93B4-38C70DF1E8F3}"
EndProject
Project("{FAE04EC0-301F-11D3-BF4B-00C04F79EFBC}") = "UM.Tools", "UM.Tools\UM.Tools.csproj", "{03B26FAD-568E-4392-8D71-8DBED7DF081A}"
EndProject
Project("{FAE04EC0-301F-11D3-BF4B-00C04F79EFBC}") = "UM.Models.Files.View", "UM.Models.Files.View\UM.Models.Files.View.csproj", "{BAAC4069-5A18-4E1D-986D-EE08A0C35DD2}"
EndProject
Project("{FAE04EC0-301F-11D3-BF4B-00C04F79EFBC}") = "UM.Services", "UM.Services\UM.Services.csproj", "{2A58FD64-6AC5-48E1-8F45-B6330F1C7ECB}"
EndProject
Project("{FAE04EC0-301F-11D3-BF4B-00C04F79EFBC}") = "UM.Models.Files.Blank", "UM.Models.Files.Blank\UM.Models.Files.Blank.csproj", "{A7A01231-8103-452F-BE24-8E5DD5F145FB}"
EndProject
Project("{2150E333-8FDC-42A3-9474-1A3956D46DE8}") = "Desktop", "Desktop", "{96EB8F23-E78E-467A-8727-98EDC24610C4}"
EndProject
Project("{FAE04EC0-301F-11D3-BF4B-00C04F79EFBC}") = "ClientApp", "ClientApp\ClientApp.csproj", "{2FAD419A-3F17-4C7F-B331-E19D17E44152}"
EndProject
Project("{2150E333-8FDC-42A3-9474-1A3956D46DE8}") = "Desktop.UIKit", "Desktop.UIKit", "{D8B3C007-6F61-424F-9AFE-B52390C9D822}"
EndProject
Project("{FAE04EC0-301F-11D3-BF4B-00C04F79EFBC}") = "Desktop.UiKit", "Desktop.UiKit\Desktop.UiKit.csproj", "{FAFB3675-5F5F-49D5-B14A-A6118C864F91}"
EndProject
Project("{FAE04EC0-301F-11D3-BF4B-00C04F79EFBC}") = "Desktop.Core", "Desktop.Core\Desktop.Core.csproj", "{AC9A9D7C-433F-496B-8D33-07D4820CE987}"
EndProject
Global
	GlobalSection(SolutionConfigurationPlatforms) = preSolution
		Debug|Any CPU = Debug|Any CPU
		Release|Any CPU = Release|Any CPU
	EndGlobalSection
	GlobalSection(NestedProjects) = preSolution
		{9F9302CE-4654-49F9-A0A4-FC895EF1D9C7} = {34F59E71-7A48-45FA-90D3-F823653D4961}
		{77A0A757-0AF2-4A2D-BB30-555933662314} = {34F59E71-7A48-45FA-90D3-F823653D4961}
		{65F64CAE-C104-41EA-9EEC-90072FFEDC92} = {59FFACBD-39A7-4D4E-825E-A6D95E93D7C4}
		{7E7BBE81-81A7-4765-9C3C-433CCF1196D3} = {65F64CAE-C104-41EA-9EEC-90072FFEDC92}
		{81AE9FC4-02C7-4612-BF24-A1BBF3DE58C3} = {65F64CAE-C104-41EA-9EEC-90072FFEDC92}
		{03B26FAD-568E-4392-8D71-8DBED7DF081A} = {57099F81-DFB3-4315-93B4-38C70DF1E8F3}
		{BAAC4069-5A18-4E1D-986D-EE08A0C35DD2} = {65F64CAE-C104-41EA-9EEC-90072FFEDC92}
		{2A58FD64-6AC5-48E1-8F45-B6330F1C7ECB} = {34F59E71-7A48-45FA-90D3-F823653D4961}
		{A7A01231-8103-452F-BE24-8E5DD5F145FB} = {65F64CAE-C104-41EA-9EEC-90072FFEDC92}
		{2FAD419A-3F17-4C7F-B331-E19D17E44152} = {96EB8F23-E78E-467A-8727-98EDC24610C4}
		{D8B3C007-6F61-424F-9AFE-B52390C9D822} = {96EB8F23-E78E-467A-8727-98EDC24610C4}
		{FAFB3675-5F5F-49D5-B14A-A6118C864F91} = {D8B3C007-6F61-424F-9AFE-B52390C9D822}
		{AC9A9D7C-433F-496B-8D33-07D4820CE987} = {96EB8F23-E78E-467A-8727-98EDC24610C4}
	EndGlobalSection
	GlobalSection(ProjectConfigurationPlatforms) = postSolution
		{9F9302CE-4654-49F9-A0A4-FC895EF1D9C7}.Debug|Any CPU.ActiveCfg = Debug|Any CPU
		{9F9302CE-4654-49F9-A0A4-FC895EF1D9C7}.Debug|Any CPU.Build.0 = Debug|Any CPU
		{9F9302CE-4654-49F9-A0A4-FC895EF1D9C7}.Release|Any CPU.ActiveCfg = Release|Any CPU
		{9F9302CE-4654-49F9-A0A4-FC895EF1D9C7}.Release|Any CPU.Build.0 = Release|Any CPU
		{77A0A757-0AF2-4A2D-BB30-555933662314}.Debug|Any CPU.ActiveCfg = Debug|Any CPU
		{77A0A757-0AF2-4A2D-BB30-555933662314}.Debug|Any CPU.Build.0 = Debug|Any CPU
		{77A0A757-0AF2-4A2D-BB30-555933662314}.Release|Any CPU.ActiveCfg = Release|Any CPU
		{77A0A757-0AF2-4A2D-BB30-555933662314}.Release|Any CPU.Build.0 = Release|Any CPU
		{7E7BBE81-81A7-4765-9C3C-433CCF1196D3}.Debug|Any CPU.ActiveCfg = Debug|Any CPU
		{7E7BBE81-81A7-4765-9C3C-433CCF1196D3}.Debug|Any CPU.Build.0 = Debug|Any CPU
		{7E7BBE81-81A7-4765-9C3C-433CCF1196D3}.Release|Any CPU.ActiveCfg = Release|Any CPU
		{7E7BBE81-81A7-4765-9C3C-433CCF1196D3}.Release|Any CPU.Build.0 = Release|Any CPU
		{81AE9FC4-02C7-4612-BF24-A1BBF3DE58C3}.Debug|Any CPU.ActiveCfg = Debug|Any CPU
		{81AE9FC4-02C7-4612-BF24-A1BBF3DE58C3}.Debug|Any CPU.Build.0 = Debug|Any CPU
		{81AE9FC4-02C7-4612-BF24-A1BBF3DE58C3}.Release|Any CPU.ActiveCfg = Release|Any CPU
		{81AE9FC4-02C7-4612-BF24-A1BBF3DE58C3}.Release|Any CPU.Build.0 = Release|Any CPU
		{03B26FAD-568E-4392-8D71-8DBED7DF081A}.Debug|Any CPU.ActiveCfg = Debug|Any CPU
		{03B26FAD-568E-4392-8D71-8DBED7DF081A}.Debug|Any CPU.Build.0 = Debug|Any CPU
		{03B26FAD-568E-4392-8D71-8DBED7DF081A}.Release|Any CPU.ActiveCfg = Release|Any CPU
		{03B26FAD-568E-4392-8D71-8DBED7DF081A}.Release|Any CPU.Build.0 = Release|Any CPU
		{BAAC4069-5A18-4E1D-986D-EE08A0C35DD2}.Debug|Any CPU.ActiveCfg = Debug|Any CPU
		{BAAC4069-5A18-4E1D-986D-EE08A0C35DD2}.Debug|Any CPU.Build.0 = Debug|Any CPU
		{BAAC4069-5A18-4E1D-986D-EE08A0C35DD2}.Release|Any CPU.ActiveCfg = Release|Any CPU
		{BAAC4069-5A18-4E1D-986D-EE08A0C35DD2}.Release|Any CPU.Build.0 = Release|Any CPU
		{2A58FD64-6AC5-48E1-8F45-B6330F1C7ECB}.Debug|Any CPU.ActiveCfg = Debug|Any CPU
		{2A58FD64-6AC5-48E1-8F45-B6330F1C7ECB}.Debug|Any CPU.Build.0 = Debug|Any CPU
		{2A58FD64-6AC5-48E1-8F45-B6330F1C7ECB}.Release|Any CPU.ActiveCfg = Release|Any CPU
		{2A58FD64-6AC5-48E1-8F45-B6330F1C7ECB}.Release|Any CPU.Build.0 = Release|Any CPU
		{A7A01231-8103-452F-BE24-8E5DD5F145FB}.Debug|Any CPU.ActiveCfg = Debug|Any CPU
		{A7A01231-8103-452F-BE24-8E5DD5F145FB}.Debug|Any CPU.Build.0 = Debug|Any CPU
		{A7A01231-8103-452F-BE24-8E5DD5F145FB}.Release|Any CPU.ActiveCfg = Release|Any CPU
		{A7A01231-8103-452F-BE24-8E5DD5F145FB}.Release|Any CPU.Build.0 = Release|Any CPU
		{2FAD419A-3F17-4C7F-B331-E19D17E44152}.Debug|Any CPU.ActiveCfg = Debug|Any CPU
		{2FAD419A-3F17-4C7F-B331-E19D17E44152}.Debug|Any CPU.Build.0 = Debug|Any CPU
		{2FAD419A-3F17-4C7F-B331-E19D17E44152}.Release|Any CPU.ActiveCfg = Release|Any CPU
		{2FAD419A-3F17-4C7F-B331-E19D17E44152}.Release|Any CPU.Build.0 = Release|Any CPU
		{FAFB3675-5F5F-49D5-B14A-A6118C864F91}.Debug|Any CPU.ActiveCfg = Debug|Any CPU
		{FAFB3675-5F5F-49D5-B14A-A6118C864F91}.Debug|Any CPU.Build.0 = Debug|Any CPU
		{FAFB3675-5F5F-49D5-B14A-A6118C864F91}.Release|Any CPU.ActiveCfg = Release|Any CPU
		{FAFB3675-5F5F-49D5-B14A-A6118C864F91}.Release|Any CPU.Build.0 = Release|Any CPU
		{AC9A9D7C-433F-496B-8D33-07D4820CE987}.Debug|Any CPU.ActiveCfg = Debug|Any CPU
		{AC9A9D7C-433F-496B-8D33-07D4820CE987}.Debug|Any CPU.Build.0 = Debug|Any CPU
		{AC9A9D7C-433F-496B-8D33-07D4820CE987}.Release|Any CPU.ActiveCfg = Release|Any CPU
		{AC9A9D7C-433F-496B-8D33-07D4820CE987}.Release|Any CPU.Build.0 = Release|Any CPU
	EndGlobalSection
EndGlobal
